
Microsoft Visual Studio Solution File, Format Version 12.00
# Visual Studio Version 16
VisualStudioVersion = 16.0.31321.278
MinimumVisualStudioVersion = 10.0.40219.1
Project("{FAE04EC0-301F-11D3-BF4B-00C04F79EFBC}") = "LMS", "LMS\LMS.csproj", "{0C545FFB-B84E-4C3E-8BE4-0AD5AAE7CE81}"
EndProject
Global
	GlobalSection(SolutionConfigurationPlatforms) = preSolution
		Debug|Any CPU = Debug|Any CPU
		Release|Any CPU = Release|Any CPU
	EndGlobalSection
	GlobalSection(ProjectConfigurationPlatforms) = postSolution
		{0C545FFB-B84E-4C3E-8BE4-0AD5AAE7CE81}.Debug|Any CPU.ActiveCfg = Debug|Any CPU
		{0C545FFB-B84E-4C3E-8BE4-0AD5AAE7CE81}.Debug|Any CPU.Build.0 = Debug|Any CPU
		{0C545FFB-B84E-4C3E-8BE4-0AD5AAE7CE81}.Release|Any CPU.ActiveCfg = Release|Any CPU
		{0C545FFB-B84E-4C3E-8BE4-0AD5AAE7CE81}.Release|Any CPU.Build.0 = Release|Any CPU
	EndGlobalSection
	GlobalSection(SolutionProperties) = preSolution
		HideSolutionNode = FALSE
	EndGlobalSection
	GlobalSection(ExtensibilityGlobals) = postSolution
		SolutionGuid = {AEE39F8B-7FBE-48E0-8FB4-1F970B3A8AD7}
	EndGlobalSection
EndGlobal
